
Microsoft Visual Studio Solution File, Format Version 12.00
# Visual Studio Version 17
VisualStudioVersion = 17.13.35818.85 d17.13
MinimumVisualStudioVersion = 10.0.40219.1
Project("{FAE04EC0-301F-11D3-BF4B-00C04F79EFBC}") = "MVSl", "MVSl\MVSl.csproj", "{909829BC-F842-4C38-A47B-865F6C285A4B}"
EndProject
Project("{FAE04EC0-301F-11D3-BF4B-00C04F79EFBC}") = "LibraryDomain.CS", "LibraryDomain.CS\LibraryDomain.CS.csproj", "{EC5A9CFD-FE7D-4866-BA7E-C13360D7EBBA}"
EndProject
Global
	GlobalSection(SolutionConfigurationPlatforms) = preSolution
		Debug|Any CPU = Debug|Any CPU
		Release|Any CPU = Release|Any CPU
	EndGlobalSection
	GlobalSection(ProjectConfigurationPlatforms) = postSolution
		{909829BC-F842-4C38-A47B-865F6C285A4B}.Debug|Any CPU.ActiveCfg = Debug|Any CPU
		{909829BC-F842-4C38-A47B-865F6C285A4B}.Debug|Any CPU.Build.0 = Debug|Any CPU
		{909829BC-F842-4C38-A47B-865F6C285A4B}.Release|Any CPU.ActiveCfg = Release|Any CPU
		{909829BC-F842-4C38-A47B-865F6C285A4B}.Release|Any CPU.Build.0 = Release|Any CPU
		{EC5A9CFD-FE7D-4866-BA7E-C13360D7EBBA}.Debug|Any CPU.ActiveCfg = Debug|Any CPU
		{EC5A9CFD-FE7D-4866-BA7E-C13360D7EBBA}.Debug|Any CPU.Build.0 = Debug|Any CPU
		{EC5A9CFD-FE7D-4866-BA7E-C13360D7EBBA}.Release|Any CPU.ActiveCfg = Release|Any CPU
		{EC5A9CFD-FE7D-4866-BA7E-C13360D7EBBA}.Release|Any CPU.Build.0 = Release|Any CPU
	EndGlobalSection
	GlobalSection(SolutionProperties) = preSolution
		HideSolutionNode = FALSE
	EndGlobalSection
	GlobalSection(ExtensibilityGlobals) = postSolution
		SolutionGuid = {70DABED2-3446-4188-A2B1-CD8A5703937E}
	EndGlobalSection
EndGlobal
